
Microsoft Visual Studio Solution File, Format Version 12.00
# Visual Studio Version 17
VisualStudioVersion = 17.8.34330.188
MinimumVisualStudioVersion = 10.0.40219.1
Project("{9A19103F-16F7-4668-BE54-9A1E7A4F7556}") = "DMToolsLibrary", "DMToolsLibrary\DMToolsLibrary.csproj", "{6F115A74-81FA-41D7-ABD1-F3A2CFA60387}"
EndProject
Project("{9A19103F-16F7-4668-BE54-9A1E7A4F7556}") = "DMToolsTest", "DMToolsTest\DMToolsTest.csproj", "{10BFEB88-0DC5-40DB-BDA4-40DC3DA435E0}"
EndProject
Project("{FAE04EC0-301F-11D3-BF4B-00C04F79EFBC}") = "DMTools.Blazor", "DMTools.Blazor\DMTools.Blazor.csproj", "{AD684E2E-197A-447C-A4A1-5FD72D285C58}"
EndProject
Global
	GlobalSection(SolutionConfigurationPlatforms) = preSolution
		Debug|Any CPU = Debug|Any CPU
		Release|Any CPU = Release|Any CPU
	EndGlobalSection
	GlobalSection(ProjectConfigurationPlatforms) = postSolution
		{6F115A74-81FA-41D7-ABD1-F3A2CFA60387}.Debug|Any CPU.ActiveCfg = Debug|Any CPU
		{6F115A74-81FA-41D7-ABD1-F3A2CFA60387}.Debug|Any CPU.Build.0 = Debug|Any CPU
		{6F115A74-81FA-41D7-ABD1-F3A2CFA60387}.Release|Any CPU.ActiveCfg = Release|Any CPU
		{6F115A74-81FA-41D7-ABD1-F3A2CFA60387}.Release|Any CPU.Build.0 = Release|Any CPU
		{10BFEB88-0DC5-40DB-BDA4-40DC3DA435E0}.Debug|Any CPU.ActiveCfg = Debug|Any CPU
		{10BFEB88-0DC5-40DB-BDA4-40DC3DA435E0}.Debug|Any CPU.Build.0 = Debug|Any CPU
		{10BFEB88-0DC5-40DB-BDA4-40DC3DA435E0}.Release|Any CPU.ActiveCfg = Release|Any CPU
		{10BFEB88-0DC5-40DB-BDA4-40DC3DA435E0}.Release|Any CPU.Build.0 = Release|Any CPU
		{AD684E2E-197A-447C-A4A1-5FD72D285C58}.Debug|Any CPU.ActiveCfg = Debug|Any CPU
		{AD684E2E-197A-447C-A4A1-5FD72D285C58}.Debug|Any CPU.Build.0 = Debug|Any CPU
		{AD684E2E-197A-447C-A4A1-5FD72D285C58}.Release|Any CPU.ActiveCfg = Release|Any CPU
		{AD684E2E-197A-447C-A4A1-5FD72D285C58}.Release|Any CPU.Build.0 = Release|Any CPU
	EndGlobalSection
	GlobalSection(SolutionProperties) = preSolution
		HideSolutionNode = FALSE
	EndGlobalSection
	GlobalSection(ExtensibilityGlobals) = postSolution
		SolutionGuid = {A03BF160-3870-48C1-B878-F3EC052EF322}
	EndGlobalSection
EndGlobal
